// !$*UTF8*$!
{
	archiveVersion = 1;
	classes = {
	};
	objectVersion = 56;
	objects = {

/* Begin PBXBuildFile section */
		31AEFCD52C7D4C450076AE8D /* ProductCategoryDetailView.swift in Sources */ = {isa = PBXBuildFile; fileRef = 31AEFCD42C7D4C450076AE8D /* ProductCategoryDetailView.swift */; };
		31AEFCD72C7D4C740076AE8D /* AddProductView.swift in Sources */ = {isa = PBXBuildFile; fileRef = 31AEFCD62C7D4C740076AE8D /* AddProductView.swift */; };
		31AEFCDD2C8CC59D0076AE8D /* PriceHelper.swift in Sources */ = {isa = PBXBuildFile; fileRef = 31AEFCDC2C8CC59D0076AE8D /* PriceHelper.swift */; };
		31AEFCDF2C8CC89D0076AE8D /* Cost.swift in Sources */ = {isa = PBXBuildFile; fileRef = 31AEFCDE2C8CC89D0076AE8D /* Cost.swift */; };
		31AEFCEE2C90F3B00076AE8D /* PriceHelperTests.swift in Sources */ = {isa = PBXBuildFile; fileRef = 31AEFCED2C90F3B00076AE8D /* PriceHelperTests.swift */; };
		31AEFCF02C938D500076AE8D /* ProductDetailView.swift in Sources */ = {isa = PBXBuildFile; fileRef = 31AEFCEF2C938D500076AE8D /* ProductDetailView.swift */; };
		31F2A86A2C6D69B000B7B494 /* grocerytrackerApp.swift in Sources */ = {isa = PBXBuildFile; fileRef = 31F2A8692C6D69B000B7B494 /* grocerytrackerApp.swift */; };
		31F2A86C2C6D69B000B7B494 /* GroceryView.swift in Sources */ = {isa = PBXBuildFile; fileRef = 31F2A86B2C6D69B000B7B494 /* GroceryView.swift */; };
		31F2A86E2C6D69B100B7B494 /* Assets.xcassets in Resources */ = {isa = PBXBuildFile; fileRef = 31F2A86D2C6D69B100B7B494 /* Assets.xcassets */; };
		31F2A8712C6D69B100B7B494 /* Preview Assets.xcassets in Resources */ = {isa = PBXBuildFile; fileRef = 31F2A8702C6D69B100B7B494 /* Preview Assets.xcassets */; };
		31F2A8792C6D811800B7B494 /* GroceryTracker.xcdatamodeld in Sources */ = {isa = PBXBuildFile; fileRef = 31F2A8772C6D811800B7B494 /* GroceryTracker.xcdatamodeld */; };
		31F2A87B2C6D81B100B7B494 /* DataController.swift in Sources */ = {isa = PBXBuildFile; fileRef = 31F2A87A2C6D81B100B7B494 /* DataController.swift */; };
/* End PBXBuildFile section */

/* Begin PBXContainerItemProxy section */
		31AEFCE82C90F3280076AE8D /* PBXContainerItemProxy */ = {
			isa = PBXContainerItemProxy;
			containerPortal = 31F2A85E2C6D69B000B7B494 /* Project object */;
			proxyType = 1;
			remoteGlobalIDString = 31F2A8652C6D69B000B7B494;
			remoteInfo = grocerytracker;
		};
/* End PBXContainerItemProxy section */

/* Begin PBXFileReference section */
		31AEFCD42C7D4C450076AE8D /* ProductCategoryDetailView.swift */ = {isa = PBXFileReference; lastKnownFileType = sourcecode.swift; path = ProductCategoryDetailView.swift; sourceTree = "<group>"; };
		31AEFCD62C7D4C740076AE8D /* AddProductView.swift */ = {isa = PBXFileReference; lastKnownFileType = sourcecode.swift; path = AddProductView.swift; sourceTree = "<group>"; };
		31AEFCDC2C8CC59D0076AE8D /* PriceHelper.swift */ = {isa = PBXFileReference; lastKnownFileType = sourcecode.swift; path = PriceHelper.swift; sourceTree = "<group>"; };
		31AEFCDE2C8CC89D0076AE8D /* Cost.swift */ = {isa = PBXFileReference; lastKnownFileType = sourcecode.swift; path = Cost.swift; sourceTree = "<group>"; };
		31AEFCE42C90F3280076AE8D /* grocerytrackerTests.xctest */ = {isa = PBXFileReference; explicitFileType = wrapper.cfbundle; includeInIndex = 0; path = grocerytrackerTests.xctest; sourceTree = BUILT_PRODUCTS_DIR; };
		31AEFCED2C90F3B00076AE8D /* PriceHelperTests.swift */ = {isa = PBXFileReference; lastKnownFileType = sourcecode.swift; path = PriceHelperTests.swift; sourceTree = "<group>"; };
		31AEFCEF2C938D500076AE8D /* ProductDetailView.swift */ = {isa = PBXFileReference; lastKnownFileType = sourcecode.swift; path = ProductDetailView.swift; sourceTree = "<group>"; };
		31F2A8662C6D69B000B7B494 /* grocerytracker.app */ = {isa = PBXFileReference; explicitFileType = wrapper.application; includeInIndex = 0; path = grocerytracker.app; sourceTree = BUILT_PRODUCTS_DIR; };
		31F2A8692C6D69B000B7B494 /* grocerytrackerApp.swift */ = {isa = PBXFileReference; lastKnownFileType = sourcecode.swift; path = grocerytrackerApp.swift; sourceTree = "<group>"; };
		31F2A86B2C6D69B000B7B494 /* GroceryView.swift */ = {isa = PBXFileReference; lastKnownFileType = sourcecode.swift; path = GroceryView.swift; sourceTree = "<group>"; };
		31F2A86D2C6D69B100B7B494 /* Assets.xcassets */ = {isa = PBXFileReference; lastKnownFileType = folder.assetcatalog; path = Assets.xcassets; sourceTree = "<group>"; };
		31F2A8702C6D69B100B7B494 /* Preview Assets.xcassets */ = {isa = PBXFileReference; lastKnownFileType = folder.assetcatalog; path = "Preview Assets.xcassets"; sourceTree = "<group>"; };
		31F2A8782C6D811800B7B494 /* GroceryTracker.xcdatamodel */ = {isa = PBXFileReference; lastKnownFileType = wrapper.xcdatamodel; path = GroceryTracker.xcdatamodel; sourceTree = "<group>"; };
		31F2A87A2C6D81B100B7B494 /* DataController.swift */ = {isa = PBXFileReference; lastKnownFileType = sourcecode.swift; path = DataController.swift; sourceTree = "<group>"; };
/* End PBXFileReference section */

/* Begin PBXFrameworksBuildPhase section */
		31AEFCE12C90F3280076AE8D /* Frameworks */ = {
			isa = PBXFrameworksBuildPhase;
			buildActionMask = 2147483647;
			files = (
			);
			runOnlyForDeploymentPostprocessing = 0;
		};
		31F2A8632C6D69B000B7B494 /* Frameworks */ = {
			isa = PBXFrameworksBuildPhase;
			buildActionMask = 2147483647;
			files = (
			);
			runOnlyForDeploymentPostprocessing = 0;
		};
/* End PBXFrameworksBuildPhase section */

/* Begin PBXGroup section */
		31AEFCE52C90F3280076AE8D /* grocerytrackerTests */ = {
			isa = PBXGroup;
			children = (
				31AEFCED2C90F3B00076AE8D /* PriceHelperTests.swift */,
			);
			path = grocerytrackerTests;
			sourceTree = "<group>";
		};
		31F2A85D2C6D69B000B7B494 = {
			isa = PBXGroup;
			children = (
				31F2A8682C6D69B000B7B494 /* grocerytracker */,
				31AEFCE52C90F3280076AE8D /* grocerytrackerTests */,
				31F2A8672C6D69B000B7B494 /* Products */,
			);
			sourceTree = "<group>";
		};
		31F2A8672C6D69B000B7B494 /* Products */ = {
			isa = PBXGroup;
			children = (
				31F2A8662C6D69B000B7B494 /* grocerytracker.app */,
				31AEFCE42C90F3280076AE8D /* grocerytrackerTests.xctest */,
			);
			name = Products;
			sourceTree = "<group>";
		};
		31F2A8682C6D69B000B7B494 /* grocerytracker */ = {
			isa = PBXGroup;
			children = (
				31F2A8692C6D69B000B7B494 /* grocerytrackerApp.swift */,
				31F2A86B2C6D69B000B7B494 /* GroceryView.swift */,
				31AEFCD42C7D4C450076AE8D /* ProductCategoryDetailView.swift */,
				31AEFCEF2C938D500076AE8D /* ProductDetailView.swift */,
				31AEFCD62C7D4C740076AE8D /* AddProductView.swift */,
				31AEFCDC2C8CC59D0076AE8D /* PriceHelper.swift */,
				31AEFCDE2C8CC89D0076AE8D /* Cost.swift */,
				31F2A8772C6D811800B7B494 /* GroceryTracker.xcdatamodeld */,
				31F2A87A2C6D81B100B7B494 /* DataController.swift */,
				31F2A86D2C6D69B100B7B494 /* Assets.xcassets */,
				31F2A86F2C6D69B100B7B494 /* Preview Content */,
			);
			path = grocerytracker;
			sourceTree = "<group>";
		};
		31F2A86F2C6D69B100B7B494 /* Preview Content */ = {
			isa = PBXGroup;
			children = (
				31F2A8702C6D69B100B7B494 /* Preview Assets.xcassets */,
			);
			path = "Preview Content";
			sourceTree = "<group>";
		};
/* End PBXGroup section */

/* Begin PBXNativeTarget section */
		31AEFCE32C90F3280076AE8D /* grocerytrackerTests */ = {
			isa = PBXNativeTarget;
			buildConfigurationList = 31AEFCEA2C90F3280076AE8D /* Build configuration list for PBXNativeTarget "grocerytrackerTests" */;
			buildPhases = (
				31AEFCE02C90F3280076AE8D /* Sources */,
				31AEFCE12C90F3280076AE8D /* Frameworks */,
				31AEFCE22C90F3280076AE8D /* Resources */,
			);
			buildRules = (
			);
			dependencies = (
				31AEFCE92C90F3280076AE8D /* PBXTargetDependency */,
			);
			name = grocerytrackerTests;
			productName = grocerytrackerTests;
			productReference = 31AEFCE42C90F3280076AE8D /* grocerytrackerTests.xctest */;
			productType = "com.apple.product-type.bundle.unit-test";
		};
		31F2A8652C6D69B000B7B494 /* grocerytracker */ = {
			isa = PBXNativeTarget;
			buildConfigurationList = 31F2A8742C6D69B100B7B494 /* Build configuration list for PBXNativeTarget "grocerytracker" */;
			buildPhases = (
				31F2A8622C6D69B000B7B494 /* Sources */,
				31F2A8632C6D69B000B7B494 /* Frameworks */,
				31F2A8642C6D69B000B7B494 /* Resources */,
			);
			buildRules = (
			);
			dependencies = (
			);
			name = grocerytracker;
			productName = grocerytracker;
			productReference = 31F2A8662C6D69B000B7B494 /* grocerytracker.app */;
			productType = "com.apple.product-type.application";
		};
/* End PBXNativeTarget section */

/* Begin PBXProject section */
		31F2A85E2C6D69B000B7B494 /* Project object */ = {
			isa = PBXProject;
			attributes = {
				BuildIndependentTargetsInParallel = 1;
				LastSwiftUpdateCheck = 1540;
				LastUpgradeCheck = 1540;
				TargetAttributes = {
					31AEFCE32C90F3280076AE8D = {
						CreatedOnToolsVersion = 15.4;
						TestTargetID = 31F2A8652C6D69B000B7B494;
					};
					31F2A8652C6D69B000B7B494 = {
						CreatedOnToolsVersion = 15.4;
					};
				};
			};
			buildConfigurationList = 31F2A8612C6D69B000B7B494 /* Build configuration list for PBXProject "grocerytracker" */;
			compatibilityVersion = "Xcode 14.0";
			developmentRegion = en;
			hasScannedForEncodings = 0;
			knownRegions = (
				en,
				Base,
			);
			mainGroup = 31F2A85D2C6D69B000B7B494;
			productRefGroup = 31F2A8672C6D69B000B7B494 /* Products */;
			projectDirPath = "";
			projectRoot = "";
			targets = (
				31F2A8652C6D69B000B7B494 /* grocerytracker */,
				31AEFCE32C90F3280076AE8D /* grocerytrackerTests */,
			);
		};
/* End PBXProject section */

/* Begin PBXResourcesBuildPhase section */
		31AEFCE22C90F3280076AE8D /* Resources */ = {
			isa = PBXResourcesBuildPhase;
			buildActionMask = 2147483647;
			files = (
			);
			runOnlyForDeploymentPostprocessing = 0;
		};
		31F2A8642C6D69B000B7B494 /* Resources */ = {
			isa = PBXResourcesBuildPhase;
			buildActionMask = 2147483647;
			files = (
				31F2A8712C6D69B100B7B494 /* Preview Assets.xcassets in Resources */,
				31F2A86E2C6D69B100B7B494 /* Assets.xcassets in Resources */,
			);
			runOnlyForDeploymentPostprocessing = 0;
		};
/* End PBXResourcesBuildPhase section */

/* Begin PBXSourcesBuildPhase section */
		31AEFCE02C90F3280076AE8D /* Sources */ = {
			isa = PBXSourcesBuildPhase;
			buildActionMask = 2147483647;
			files = (
				31AEFCEE2C90F3B00076AE8D /* PriceHelperTests.swift in Sources */,
			);
			runOnlyForDeploymentPostprocessing = 0;
		};
		31F2A8622C6D69B000B7B494 /* Sources */ = {
			isa = PBXSourcesBuildPhase;
			buildActionMask = 2147483647;
			files = (
				31F2A86C2C6D69B000B7B494 /* GroceryView.swift in Sources */,
				31AEFCD52C7D4C450076AE8D /* ProductCategoryDetailView.swift in Sources */,
				31F2A87B2C6D81B100B7B494 /* DataController.swift in Sources */,
				31AEFCDF2C8CC89D0076AE8D /* Cost.swift in Sources */,
				31F2A8792C6D811800B7B494 /* GroceryTracker.xcdatamodeld in Sources */,
				31AEFCD72C7D4C740076AE8D /* AddProductView.swift in Sources */,
				31F2A86A2C6D69B000B7B494 /* grocerytrackerApp.swift in Sources */,
				31AEFCDD2C8CC59D0076AE8D /* PriceHelper.swift in Sources */,
				31AEFCF02C938D500076AE8D /* ProductDetailView.swift in Sources */,
			);
			runOnlyForDeploymentPostprocessing = 0;
		};
/* End PBXSourcesBuildPhase section */

/* Begin PBXTargetDependency section */
		31AEFCE92C90F3280076AE8D /* PBXTargetDependency */ = {
			isa = PBXTargetDependency;
			target = 31F2A8652C6D69B000B7B494 /* grocerytracker */;
			targetProxy = 31AEFCE82C90F3280076AE8D /* PBXContainerItemProxy */;
		};
/* End PBXTargetDependency section */

/* Begin XCBuildConfiguration section */
		31AEFCEB2C90F3280076AE8D /* Debug */ = {
			isa = XCBuildConfiguration;
			buildSettings = {
				BUNDLE_LOADER = "$(TEST_HOST)";
				CODE_SIGN_STYLE = Automatic;
				CURRENT_PROJECT_VERSION = 1;
				DEVELOPMENT_TEAM = 3KKFT9P6YJ;
				GENERATE_INFOPLIST_FILE = YES;
				MARKETING_VERSION = 1.0;
				PRODUCT_BUNDLE_IDENTIFIER = elisakazan.grocerytrackerTests;
				PRODUCT_NAME = "$(TARGET_NAME)";
				SWIFT_EMIT_LOC_STRINGS = NO;
				SWIFT_VERSION = 5.0;
				TARGETED_DEVICE_FAMILY = "1,2";
				TEST_HOST = "$(BUILT_PRODUCTS_DIR)/grocerytracker.app/$(BUNDLE_EXECUTABLE_FOLDER_PATH)/grocerytracker";
			};
			name = Debug;
		};
		31AEFCEC2C90F3280076AE8D /* Release */ = {
			isa = XCBuildConfiguration;
			buildSettings = {
				BUNDLE_LOADER = "$(TEST_HOST)";
				CODE_SIGN_STYLE = Automatic;
				CURRENT_PROJECT_VERSION = 1;
				DEVELOPMENT_TEAM = 3KKFT9P6YJ;
				GENERATE_INFOPLIST_FILE = YES;
				MARKETING_VERSION = 1.0;
				PRODUCT_BUNDLE_IDENTIFIER = elisakazan.grocerytrackerTests;
				PRODUCT_NAME = "$(TARGET_NAME)";
				SWIFT_EMIT_LOC_STRINGS = NO;
				SWIFT_VERSION = 5.0;
				TARGETED_DEVICE_FAMILY = "1,2";
				TEST_HOST = "$(BUILT_PRODUCTS_DIR)/grocerytracker.app/$(BUNDLE_EXECUTABLE_FOLDER_PATH)/grocerytracker";
			};
			name = Release;
		};
		31F2A8722C6D69B100B7B494 /* Debug */ = {
			isa = XCBuildConfiguration;
			buildSettings = {
				ALWAYS_SEARCH_USER_PATHS = NO;
				ASSETCATALOG_COMPILER_GENERATE_SWIFT_ASSET_SYMBOL_EXTENSIONS = YES;
				CLANG_ANALYZER_NONNULL = YES;
				CLANG_ANALYZER_NUMBER_OBJECT_CONVERSION = YES_AGGRESSIVE;
				CLANG_CXX_LANGUAGE_STANDARD = "gnu++20";
				CLANG_ENABLE_MODULES = YES;
				CLANG_ENABLE_OBJC_ARC = YES;
				CLANG_ENABLE_OBJC_WEAK = YES;
				CLANG_WARN_BLOCK_CAPTURE_AUTORELEASING = YES;
				CLANG_WARN_BOOL_CONVERSION = YES;
				CLANG_WARN_COMMA = YES;
				CLANG_WARN_CONSTANT_CONVERSION = YES;
				CLANG_WARN_DEPRECATED_OBJC_IMPLEMENTATIONS = YES;
				CLANG_WARN_DIRECT_OBJC_ISA_USAGE = YES_ERROR;
				CLANG_WARN_DOCUMENTATION_COMMENTS = YES;
				CLANG_WARN_EMPTY_BODY = YES;
				CLANG_WARN_ENUM_CONVERSION = YES;
				CLANG_WARN_INFINITE_RECURSION = YES;
				CLANG_WARN_INT_CONVERSION = YES;
				CLANG_WARN_NON_LITERAL_NULL_CONVERSION = YES;
				CLANG_WARN_OBJC_IMPLICIT_RETAIN_SELF = YES;
				CLANG_WARN_OBJC_LITERAL_CONVERSION = YES;
				CLANG_WARN_OBJC_ROOT_CLASS = YES_ERROR;
				CLANG_WARN_QUOTED_INCLUDE_IN_FRAMEWORK_HEADER = YES;
				CLANG_WARN_RANGE_LOOP_ANALYSIS = YES;
				CLANG_WARN_STRICT_PROTOTYPES = YES;
				CLANG_WARN_SUSPICIOUS_MOVE = YES;
				CLANG_WARN_UNGUARDED_AVAILABILITY = YES_AGGRESSIVE;
				CLANG_WARN_UNREACHABLE_CODE = YES;
				CLANG_WARN__DUPLICATE_METHOD_MATCH = YES;
				COPY_PHASE_STRIP = NO;
				DEBUG_INFORMATION_FORMAT = dwarf;
				ENABLE_STRICT_OBJC_MSGSEND = YES;
				ENABLE_TESTABILITY = YES;
				ENABLE_USER_SCRIPT_SANDBOXING = YES;
				GCC_C_LANGUAGE_STANDARD = gnu17;
				GCC_DYNAMIC_NO_PIC = NO;
				GCC_NO_COMMON_BLOCKS = YES;
				GCC_OPTIMIZATION_LEVEL = 0;
				GCC_PREPROCESSOR_DEFINITIONS = (
					"DEBUG=1",
					"$(inherited)",
				);
				GCC_WARN_64_TO_32_BIT_CONVERSION = YES;
				GCC_WARN_ABOUT_RETURN_TYPE = YES_ERROR;
				GCC_WARN_UNDECLARED_SELECTOR = YES;
				GCC_WARN_UNINITIALIZED_AUTOS = YES_AGGRESSIVE;
				GCC_WARN_UNUSED_FUNCTION = YES;
				GCC_WARN_UNUSED_VARIABLE = YES;
				IPHONEOS_DEPLOYMENT_TARGET = 17.5;
				LOCALIZATION_PREFERS_STRING_CATALOGS = YES;
				MTL_ENABLE_DEBUG_INFO = INCLUDE_SOURCE;
				MTL_FAST_MATH = YES;
				ONLY_ACTIVE_ARCH = YES;
				SDKROOT = iphoneos;
				SWIFT_ACTIVE_COMPILATION_CONDITIONS = "DEBUG $(inherited)";
				SWIFT_OPTIMIZATION_LEVEL = "-Onone";
			};
			name = Debug;
		};
		31F2A8732C6D69B100B7B494 /* Release */ = {
			isa = XCBuildConfiguration;
			buildSettings = {
				ALWAYS_SEARCH_USER_PATHS = NO;
				ASSETCATALOG_COMPILER_GENERATE_SWIFT_ASSET_SYMBOL_EXTENSIONS = YES;
				CLANG_ANALYZER_NONNULL = YES;
				CLANG_ANALYZER_NUMBER_OBJECT_CONVERSION = YES_AGGRESSIVE;
				CLANG_CXX_LANGUAGE_STANDARD = "gnu++20";
				CLANG_ENABLE_MODULES = YES;
				CLANG_ENABLE_OBJC_ARC = YES;
				CLANG_ENABLE_OBJC_WEAK = YES;
				CLANG_WARN_BLOCK_CAPTURE_AUTORELEASING = YES;
				CLANG_WARN_BOOL_CONVERSION = YES;
				CLANG_WARN_COMMA = YES;
				CLANG_WARN_CONSTANT_CONVERSION = YES;
				CLANG_WARN_DEPRECATED_OBJC_IMPLEMENTATIONS = YES;
				CLANG_WARN_DIRECT_OBJC_ISA_USAGE = YES_ERROR;
				CLANG_WARN_DOCUMENTATION_COMMENTS = YES;
				CLANG_WARN_EMPTY_BODY = YES;
				CLANG_WARN_ENUM_CONVERSION = YES;
				CLANG_WARN_INFINITE_RECURSION = YES;
				CLANG_WARN_INT_CONVERSION = YES;
				CLANG_WARN_NON_LITERAL_NULL_CONVERSION = YES;
				CLANG_WARN_OBJC_IMPLICIT_RETAIN_SELF = YES;
				CLANG_WARN_OBJC_LITERAL_CONVERSION = YES;
				CLANG_WARN_OBJC_ROOT_CLASS = YES_ERROR;
				CLANG_WARN_QUOTED_INCLUDE_IN_FRAMEWORK_HEADER = YES;
				CLANG_WARN_RANGE_LOOP_ANALYSIS = YES;
				CLANG_WARN_STRICT_PROTOTYPES = YES;
				CLANG_WARN_SUSPICIOUS_MOVE = YES;
				CLANG_WARN_UNGUARDED_AVAILABILITY = YES_AGGRESSIVE;
				CLANG_WARN_UNREACHABLE_CODE = YES;
				CLANG_WARN__DUPLICATE_METHOD_MATCH = YES;
				COPY_PHASE_STRIP = NO;
				DEBUG_INFORMATION_FORMAT = "dwarf-with-dsym";
				ENABLE_NS_ASSERTIONS = NO;
				ENABLE_STRICT_OBJC_MSGSEND = YES;
				ENABLE_USER_SCRIPT_SANDBOXING = YES;
				GCC_C_LANGUAGE_STANDARD = gnu17;
				GCC_NO_COMMON_BLOCKS = YES;
				GCC_WARN_64_TO_32_BIT_CONVERSION = YES;
				GCC_WARN_ABOUT_RETURN_TYPE = YES_ERROR;
				GCC_WARN_UNDECLARED_SELECTOR = YES;
				GCC_WARN_UNINITIALIZED_AUTOS = YES_AGGRESSIVE;
				GCC_WARN_UNUSED_FUNCTION = YES;
				GCC_WARN_UNUSED_VARIABLE = YES;
				IPHONEOS_DEPLOYMENT_TARGET = 17.5;
				LOCALIZATION_PREFERS_STRING_CATALOGS = YES;
				MTL_ENABLE_DEBUG_INFO = NO;
				MTL_FAST_MATH = YES;
				SDKROOT = iphoneos;
				SWIFT_COMPILATION_MODE = wholemodule;
				VALIDATE_PRODUCT = YES;
			};
			name = Release;
		};
		31F2A8752C6D69B100B7B494 /* Debug */ = {
			isa = XCBuildConfiguration;
			buildSettings = {
				ASSETCATALOG_COMPILER_APPICON_NAME = AppIcon;
				ASSETCATALOG_COMPILER_GLOBAL_ACCENT_COLOR_NAME = AccentColor;
				CODE_SIGN_STYLE = Automatic;
				CURRENT_PROJECT_VERSION = 1;
				DEVELOPMENT_ASSET_PATHS = "\"grocerytracker/Preview Content\"";
				DEVELOPMENT_TEAM = 3KKFT9P6YJ;
				ENABLE_PREVIEWS = YES;
				GENERATE_INFOPLIST_FILE = YES;
				INFOPLIST_KEY_UIApplicationSceneManifest_Generation = YES;
				INFOPLIST_KEY_UIApplicationSupportsIndirectInputEvents = YES;
				INFOPLIST_KEY_UILaunchScreen_Generation = YES;
				INFOPLIST_KEY_UISupportedInterfaceOrientations_iPad = "UIInterfaceOrientationPortrait UIInterfaceOrientationPortraitUpsideDown UIInterfaceOrientationLandscapeLeft UIInterfaceOrientationLandscapeRight";
				INFOPLIST_KEY_UISupportedInterfaceOrientations_iPhone = "UIInterfaceOrientationPortrait UIInterfaceOrientationLandscapeLeft UIInterfaceOrientationLandscapeRight";
				LD_RUNPATH_SEARCH_PATHS = (
					"$(inherited)",
					"@executable_path/Frameworks",
				);
				MARKETING_VERSION = 1.0;
				PRODUCT_BUNDLE_IDENTIFIER = elisakazan.grocerytracker;
				PRODUCT_NAME = "$(TARGET_NAME)";
				SWIFT_EMIT_LOC_STRINGS = YES;
				SWIFT_VERSION = 5.0;
				TARGETED_DEVICE_FAMILY = "1,2";
			};
			name = Debug;
		};
		31F2A8762C6D69B100B7B494 /* Release */ = {
			isa = XCBuildConfiguration;
			buildSettings = {
				ASSETCATALOG_COMPILER_APPICON_NAME = AppIcon;
				ASSETCATALOG_COMPILER_GLOBAL_ACCENT_COLOR_NAME = AccentColor;
				CODE_SIGN_STYLE = Automatic;
				CURRENT_PROJECT_VERSION = 1;
				DEVELOPMENT_ASSET_PATHS = "\"grocerytracker/Preview Content\"";
				DEVELOPMENT_TEAM = 3KKFT9P6YJ;
				ENABLE_PREVIEWS = YES;
				GENERATE_INFOPLIST_FILE = YES;
				INFOPLIST_KEY_UIApplicationSceneManifest_Generation = YES;
				INFOPLIST_KEY_UIApplicationSupportsIndirectInputEvents = YES;
				INFOPLIST_KEY_UILaunchScreen_Generation = YES;
				INFOPLIST_KEY_UISupportedInterfaceOrientations_iPad = "UIInterfaceOrientationPortrait UIInterfaceOrientationPortraitUpsideDown UIInterfaceOrientationLandscapeLeft UIInterfaceOrientationLandscapeRight";
				INFOPLIST_KEY_UISupportedInterfaceOrientations_iPhone = "UIInterfaceOrientationPortrait UIInterfaceOrientationLandscapeLeft UIInterfaceOrientationLandscapeRight";
				LD_RUNPATH_SEARCH_PATHS = (
					"$(inherited)",
					"@executable_path/Frameworks",
				);
				MARKETING_VERSION = 1.0;
				PRODUCT_BUNDLE_IDENTIFIER = elisakazan.grocerytracker;
				PRODUCT_NAME = "$(TARGET_NAME)";
				SWIFT_EMIT_LOC_STRINGS = YES;
				SWIFT_VERSION = 5.0;
				TARGETED_DEVICE_FAMILY = "1,2";
			};
			name = Release;
		};
/* End XCBuildConfiguration section */

/* Begin XCConfigurationList section */
		31AEFCEA2C90F3280076AE8D /* Build configuration list for PBXNativeTarget "grocerytrackerTests" */ = {
			isa = XCConfigurationList;
			buildConfigurations = (
				31AEFCEB2C90F3280076AE8D /* Debug */,
				31AEFCEC2C90F3280076AE8D /* Release */,
			);
			defaultConfigurationIsVisible = 0;
			defaultConfigurationName = Release;
		};
		31F2A8612C6D69B000B7B494 /* Build configuration list for PBXProject "grocerytracker" */ = {
			isa = XCConfigurationList;
			buildConfigurations = (
				31F2A8722C6D69B100B7B494 /* Debug */,
				31F2A8732C6D69B100B7B494 /* Release */,
			);
			defaultConfigurationIsVisible = 0;
			defaultConfigurationName = Release;
		};
		31F2A8742C6D69B100B7B494 /* Build configuration list for PBXNativeTarget "grocerytracker" */ = {
			isa = XCConfigurationList;
			buildConfigurations = (
				31F2A8752C6D69B100B7B494 /* Debug */,
				31F2A8762C6D69B100B7B494 /* Release */,
			);
			defaultConfigurationIsVisible = 0;
			defaultConfigurationName = Release;
		};
/* End XCConfigurationList section */

/* Begin XCVersionGroup section */
		31F2A8772C6D811800B7B494 /* GroceryTracker.xcdatamodeld */ = {
			isa = XCVersionGroup;
			children = (
				31F2A8782C6D811800B7B494 /* GroceryTracker.xcdatamodel */,
			);
			currentVersion = 31F2A8782C6D811800B7B494 /* GroceryTracker.xcdatamodel */;
			path = GroceryTracker.xcdatamodeld;
			sourceTree = "<group>";
			versionGroupType = wrapper.xcdatamodel;
		};
/* End XCVersionGroup section */
	};
	rootObject = 31F2A85E2C6D69B000B7B494 /* Project object */;
}
